
Microsoft Visual Studio Solution File, Format Version 12.00
# Visual Studio Version 16
VisualStudioVersion = 16.0.30011.22
MinimumVisualStudioVersion = 10.0.40219.1
Project("{FAE04EC0-301F-11D3-BF4B-00C04F79EFBC}") = "14-Switch-Case", "14-Switch-Case\14-Switch-Case.csproj", "{99AFFCA5-40AA-4DAE-9DC8-8E6F9F7987C0}"
EndProject
Global
	GlobalSection(SolutionConfigurationPlatforms) = preSolution
		Debug|Any CPU = Debug|Any CPU
		Release|Any CPU = Release|Any CPU
	EndGlobalSection
	GlobalSection(ProjectConfigurationPlatforms) = postSolution
		{99AFFCA5-40AA-4DAE-9DC8-8E6F9F7987C0}.Debug|Any CPU.ActiveCfg = Debug|Any CPU
		{99AFFCA5-40AA-4DAE-9DC8-8E6F9F7987C0}.Debug|Any CPU.Build.0 = Debug|Any CPU
		{99AFFCA5-40AA-4DAE-9DC8-8E6F9F7987C0}.Release|Any CPU.ActiveCfg = Release|Any CPU
		{99AFFCA5-40AA-4DAE-9DC8-8E6F9F7987C0}.Release|Any CPU.Build.0 = Release|Any CPU
	EndGlobalSection
	GlobalSection(SolutionProperties) = preSolution
		HideSolutionNode = FALSE
	EndGlobalSection
	GlobalSection(ExtensibilityGlobals) = postSolution
		SolutionGuid = {921A4791-80CD-4BF7-81B2-89CD3C2CB725}
	EndGlobalSection
EndGlobal
